# THIS IS AN AUTOGENERATED FILE. DO NOT EDIT THIS FILE DIRECTLY.
# yarn lockfile v1


list-diff2@^0.1.4:
  version "0.1.4"
  resolved "https://registry.npmmirror.com/list-diff2/-/list-diff2-0.1.4.tgz#8539c05c579b424b1349a34be78508d3920df958"
  integrity sha512-tbeYg4d/hWorsur2KDAgKe3pUS5Xl5lW1DzT4V0NubgDgp7rpiMHl2r0TLnLPAdHs0gCbJ5Re9k1n+D1YVIEPA==
